{
  "name": "xb2-vue",
  "lockfileVersion": 3,
  "requires": true,
  "packages": {
    "": {
      "dependencies": {
        "gsap": "^3.12.5",
        "lodash": "^4.17.21"
      }
    },
    "node_modules/gsap": {
      "version": "3.12.5",
      "resolved": "https://registry.npmmirror.com/gsap/-/gsap-3.12.5.tgz",
      "integrity": "sha512-srBfnk4n+Oe/ZnMIOXt3gT605BX9x5+rh/prT2F1SsNJsU1XuMiP0E2aptW481OnonOGACZWBqseH5Z7csHxhQ=="
    },
    "node_modules/lodash": {
      "version": "4.17.21",
      "resolved": "https://registry.npmmirror.com/lodash/-/lodash-4.17.21.tgz",
      "integrity": "sha512-v2kDEe57lecTulaDIuNTPy3Ry4gLGJ6Z1O3vE1krgXZNrsQ+LFTGHVxVjcXPs17LhbZVGedAJv8XZ1tvj5FvSg=="
    }
  }
}
